# This file is automatically @generated by Cargo.
# It is not intended for manual editing.
version = 3

[[package]]
name = "day06"
version = "0.1.0"
dependencies = [
 "indoc",
]

[[package]]
name = "indoc"
version = "1.0.7"
source = "registry+https://github.com/rust-lang/crates.io-index"
checksum = "adab1eaa3408fb7f0c777a73e7465fd5656136fc93b670eb6df3c88c2c1344e3"
