# This file is automatically @generated by Cargo.
# It is not intended for manual editing.
version = 3

[[package]]
name = "day13"
version = "0.1.0"
dependencies = [
 "evalexpr",
 "indoc",
]

[[package]]
name = "evalexpr"
version = "8.1.0"
source = "registry+https://github.com/rust-lang/crates.io-index"
checksum = "aacfb566035f8cd02f6ec9247c242f3f9904a0b288ea383abcf4e95df6436a34"

[[package]]
name = "indoc"
version = "1.0.7"
source = "registry+https://github.com/rust-lang/crates.io-index"
checksum = "adab1eaa3408fb7f0c777a73e7465fd5656136fc93b670eb6df3c88c2c1344e3"
